
Microsoft Visual Studio Solution File, Format Version 12.00
# Visual Studio 2013
VisualStudioVersion = 12.0.31101.0
MinimumVisualStudioVersion = 10.0.40219.1
Project("{2150E333-8FDC-42A3-9474-1A3956D46DE8}") = "Origin", "Origin", "{7F2C9851-A895-45FA-88C3-EF2100A857B0}"
EndProject
Project("{2150E333-8FDC-42A3-9474-1A3956D46DE8}") = "CSharpXamlForHtml5", "CSharpXamlForHtml5", "{11C1D6C3-7ED2-4C69-9940-731899C79362}"
EndProject
Project("{FAE04EC0-301F-11D3-BF4B-00C04F79EFBC}") = "HikaruWeb", "HikaruWeb\HikaruWeb.csproj", "{ECD1249F-D62C-455E-B7F6-8B0935E00079}"
EndProject
Project("{2150E333-8FDC-42A3-9474-1A3956D46DE8}") = "Desktop", "Desktop", "{C182D367-B817-401D-A77C-617698A89B09}"
EndProject
Project("{FAE04EC0-301F-11D3-BF4B-00C04F79EFBC}") = "HikaruDesktop", "HikaruDesktop\HikaruDesktop.csproj", "{B66FBDCE-26B6-48B0-8E20-5693B4A2F346}"
EndProject
Project("{FAE04EC0-301F-11D3-BF4B-00C04F79EFBC}") = "Blog_Stick", "Blog_Stick\Blog_Stick.csproj", "{0921186F-2D64-4425-A016-4FF372EBF6C2}"
EndProject
Project("{FAE04EC0-301F-11D3-BF4B-00C04F79EFBC}") = "Blog_Stick.Web", "Blog_Stick.Web\Blog_Stick.Web.csproj", "{AAB6CACB-324F-4C59-8777-5E85218BC4EF}"
EndProject
Global
	GlobalSection(SolutionConfigurationPlatforms) = preSolution
		Debug|Any CPU = Debug|Any CPU
		Release|Any CPU = Release|Any CPU
	EndGlobalSection
	GlobalSection(ProjectConfigurationPlatforms) = postSolution
		{ECD1249F-D62C-455E-B7F6-8B0935E00079}.Debug|Any CPU.ActiveCfg = Debug|Any CPU
		{ECD1249F-D62C-455E-B7F6-8B0935E00079}.Debug|Any CPU.Build.0 = Debug|Any CPU
		{ECD1249F-D62C-455E-B7F6-8B0935E00079}.Release|Any CPU.ActiveCfg = Release|Any CPU
		{ECD1249F-D62C-455E-B7F6-8B0935E00079}.Release|Any CPU.Build.0 = Release|Any CPU
		{B66FBDCE-26B6-48B0-8E20-5693B4A2F346}.Debug|Any CPU.ActiveCfg = Debug|Any CPU
		{B66FBDCE-26B6-48B0-8E20-5693B4A2F346}.Debug|Any CPU.Build.0 = Debug|Any CPU
		{B66FBDCE-26B6-48B0-8E20-5693B4A2F346}.Release|Any CPU.ActiveCfg = Release|Any CPU
		{B66FBDCE-26B6-48B0-8E20-5693B4A2F346}.Release|Any CPU.Build.0 = Release|Any CPU
		{0921186F-2D64-4425-A016-4FF372EBF6C2}.Debug|Any CPU.ActiveCfg = Debug|Any CPU
		{0921186F-2D64-4425-A016-4FF372EBF6C2}.Debug|Any CPU.Build.0 = Debug|Any CPU
		{0921186F-2D64-4425-A016-4FF372EBF6C2}.Release|Any CPU.ActiveCfg = Release|Any CPU
		{0921186F-2D64-4425-A016-4FF372EBF6C2}.Release|Any CPU.Build.0 = Release|Any CPU
		{AAB6CACB-324F-4C59-8777-5E85218BC4EF}.Debug|Any CPU.ActiveCfg = Debug|Any CPU
		{AAB6CACB-324F-4C59-8777-5E85218BC4EF}.Debug|Any CPU.Build.0 = Debug|Any CPU
		{AAB6CACB-324F-4C59-8777-5E85218BC4EF}.Release|Any CPU.ActiveCfg = Release|Any CPU
		{AAB6CACB-324F-4C59-8777-5E85218BC4EF}.Release|Any CPU.Build.0 = Release|Any CPU
	EndGlobalSection
	GlobalSection(SolutionProperties) = preSolution
		HideSolutionNode = FALSE
	EndGlobalSection
	GlobalSection(NestedProjects) = preSolution
		{ECD1249F-D62C-455E-B7F6-8B0935E00079} = {11C1D6C3-7ED2-4C69-9940-731899C79362}
		{B66FBDCE-26B6-48B0-8E20-5693B4A2F346} = {C182D367-B817-401D-A77C-617698A89B09}
		{0921186F-2D64-4425-A016-4FF372EBF6C2} = {7F2C9851-A895-45FA-88C3-EF2100A857B0}
		{AAB6CACB-324F-4C59-8777-5E85218BC4EF} = {7F2C9851-A895-45FA-88C3-EF2100A857B0}
	EndGlobalSection
EndGlobal
